{
  "nodes": {
    "brew-src": {
      "flake": false,
      "locked": {
        "lastModified": 1789661079,
        "narHash": "sha256-geVTQ51PGZ1mLULM5k7wO7qt/6xenOR/YG8X7Q3eCaI=",
        "owner": "Homebrew",
        "repo": "brew",
        "rev": "edb70f031e4170c780799633a1226ff73e1077f4",
        "type": "github"
      },
      "original": {
        "owner": "Homebrew",
        "ref": "7.0.4",
        "repo": "brew",
        "type": "github"
      }
    },
    "git-extra-commands": {
      "flake": false,
      "locked": {
        "lastModified": 1790005051,
        "narHash": "sha256-rh61uZMAnCLQCEeaBSNnp6zLKaWgbVHGnb8GHShz4X0=",
        "owner": "unixorn",
        "repo": "git-extra-commands",
        "rev": "c0186ef3991d38f12d6a9df3ae5a9c601bfc6f68",
        "type": "github"
      },
      "original": {
        "owner": "unixorn",
        "repo": "git-extra-commands",
        "type": "github"
      }
    },
    "home-manager": {
      "inputs": {
        "nixpkgs": [
          "nixpkgs"
        ]
      },
      "locked": {
        "lastModified": 1790128814,
        "narHash": "sha256-6Gm9q+wW3E4Ey4F6wEbJAwaMsEK6hvCYfTW7yY64ZfA=",
        "owner": "nix-community",
        "repo": "home-manager",
        "rev": "0b2f1129177f70c5f0f5d88bb53c49ca47d0bfc0",
        "type": "github"
      },
      "original": {
        "owner": "nix-community",
        "repo": "home-manager",
        "type": "github"
      }
    },
    "homebrew-cask": {
      "flake": false,
      "locked": {
        "lastModified": 1790170093,
        "narHash": "sha256-SHC8camMbjP5fQgwf2Jzdf4XLofoFXe/QHTeLb++TxQ=",
        "owner": "homebrew",
        "repo": "homebrew-cask",
        "rev": "e0e526a3b6373747b751cd0fee2ffd7065bcab7b",
        "type": "github"
      },
      "original": {
        "owner": "homebrew",
        "repo": "homebrew-cask",
        "type": "github"
      }
    },
    "homebrew-core": {
      "flake": false,
      "locked": {
        "lastModified": 1790167989,
        "narHash": "sha256-S+vPB1XPDFF8sdPnWJg9+74eFV+9/bRMRxqKphABNqM=",
        "owner": "homebrew",
        "repo": "homebrew-core",
        "rev": "ba88443db2749f7fb908ad9fa43c31196bff7960",
        "type": "github"
      },
      "original": {
        "owner": "homebrew",
        "repo": "homebrew-core",
        "type": "github"
      }
    },
    "homebrew-docker": {
      "flake": false,
      "locked": {
        "lastModified": 1790148317,
        "narHash": "sha256-+BUjVwJVIJ9mT4TqE/Lwk9R3980BpO3P/h40N8J0dGU=",
        "owner": "docker",
        "repo": "homebrew-tap",
        "rev": "e5b935d869527748c61d01211db2ccee6b1f98a1",
        "type": "github"
      },
      "original": {
        "owner": "docker",
        "repo": "homebrew-tap",
        "type": "github"
      }
    },
    "homebrew-frankea": {
      "flake": false,
      "locked": {
        "lastModified": 1788053875,
        "narHash": "sha256-ImJP6dXn312N3e1wUIpn1XS88Z6yQIkVu0catY/G8OY=",
        "owner": "frankea",
        "repo": "homebrew-whisky",
        "rev": "88c4acb7e64aeb69719eae3891ff68c1106933fc",
        "type": "github"
      },
      "original": {
        "owner": "frankea",
        "repo": "homebrew-whisky",
        "type": "github"
      }
    },
    "homebrew-gromgit": {
      "flake": false,
      "locked": {
        "lastModified": 1789452670,
        "narHash": "sha256-GR2yQ4cPnw7K3/PloIb+XLZbQTZEu9srSsSJO0Ik+4Q=",
        "owner": "gromgit",
        "repo": "homebrew-fuse",
        "rev": "4c6ca6065a41e276db36429e925f2c6139db7145",
        "type": "github"
      },
      "original": {
        "owner": "gromgit",
        "repo": "homebrew-fuse",
        "type": "github"
      }
    },
    "homebrew-nikitabobko": {
      "flake": false,
      "locked": {
        "lastModified": 1788650992,
        "narHash": "sha256-UtBXjrHvfrPikHajq1SECV+Jc9bwmbbUc/bE37D8Xck=",
        "owner": "nikitabobko",
        "repo": "homebrew-tap",
        "rev": "9ac0bfc08904719c52a63101fa7e1e133a23bda2",
        "type": "github"
      },
      "original": {
        "owner": "nikitabobko",
        "repo": "homebrew-tap",
        "type": "github"
      }
    },
    "nix-darwin": {
      "inputs": {
        "nixpkgs": [
          "nixpkgs"
        ]
      },
      "locked": {
        "lastModified": 1786845137,
        "narHash": "sha256-oQFip+v0luP8NIxJzmiW4Wu8bILsbFWom5l0zonl8hQ=",
        "owner": "nix-darwin",
        "repo": "nix-darwin",
        "rev": "4cff07de74b50e64bdd68cd4e722ab5b6b35ee48",
        "type": "github"
      },
      "original": {
        "owner": "nix-darwin",
        "ref": "master",
        "repo": "nix-darwin",
        "type": "github"
      }
    },
    "nix-homebrew": {
      "inputs": {
        "brew-src": "brew-src"
      },
      "locked": {
        "lastModified": 1789928041,
        "narHash": "sha256-iV37ieTcE4ZLOYEe0VznW6dWMBe4lEL8AbK1vblyZGM=",
        "owner": "zhaofengli",
        "repo": "nix-homebrew",
        "rev": "c11cccfdd36dd69b5323d70d354b2853379c2426",
        "type": "github"
      },
      "original": {
        "owner": "zhaofengli",
        "repo": "nix-homebrew",
        "type": "github"
      }
    },
    "nix-index-database": {
      "inputs": {
        "nixpkgs": [
          "nixpkgs"
        ]
      },
      "locked": {
        "lastModified": 1789892076,
        "narHash": "sha256-Dkg4VKPmDPqTwaiw2WH5br73tXoL1qrOO0xJnR4TlcA=",
        "owner": "nix-community",
        "repo": "nix-index-database",
        "rev": "9ad722673ab3b3f91f02135e53775825b240b869",
        "type": "github"
      },
      "original": {
        "owner": "nix-community",
        "repo": "nix-index-database",
        "type": "github"
      }
    },
    "nixpkgs": {
      "locked": {
        "lastModified": 1790055231,
        "narHash": "sha256-QpXotokGh5eeMG1Njiuh27oP0rK6t5+cMp7ymXSs7mc=",
        "owner": "NixOS",
        "repo": "nixpkgs",
        "rev": "b6c98e9e6633ee64753b594ff4a5febf0367fc00",
        "type": "github"
      },
      "original": {
        "owner": "NixOS",
        "ref": "nixpkgs-unstable",
        "repo": "nixpkgs",
        "type": "github"
      }
    },
    "root": {
      "inputs": {
        "git-extra-commands": "git-extra-commands",
        "home-manager": "home-manager",
        "homebrew-cask": "homebrew-cask",
        "homebrew-core": "homebrew-core",
        "homebrew-docker": "homebrew-docker",
        "homebrew-frankea": "homebrew-frankea",
        "homebrew-gromgit": "homebrew-gromgit",
        "homebrew-nikitabobko": "homebrew-nikitabobko",
        "nix-darwin": "nix-darwin",
        "nix-homebrew": "nix-homebrew",
        "nix-index-database": "nix-index-database",
        "nixpkgs": "nixpkgs",
        "sops-nix": "sops-nix"
      }
    },
    "sops-nix": {
      "inputs": {
        "nixpkgs": [
          "nixpkgs"
        ]
      },
      "locked": {
        "lastModified": 1789890976,
        "narHash": "sha256-GKwH3zpy7tartuJMG0Rv/xUsdetG1QLmTVv8UKgJLmA=",
        "owner": "Mic92",
        "repo": "sops-nix",
        "rev": "7214124c20c1542c90deb54af50e2f53ae02711f",
        "type": "github"
      },
      "original": {
        "owner": "Mic92",
        "repo": "sops-nix",
        "type": "github"
      }
    }
  },
  "root": "root",
  "version": 7
}
